
Microsoft Visual Studio Solution File, Format Version 12.00
# Visual Studio Version 17
VisualStudioVersion = 17.5.002.0
MinimumVisualStudioVersion = 10.0.40219.1
Project("{9A19103F-16F7-4668-BE54-9A1E7A4F7556}") = "Class-Practice-for-C-", "Class-Practice-for-C-.csproj", "{04016D21-7B3A-4261-817E-B6FAFB4D420F}"
EndProject
Global
	GlobalSection(SolutionConfigurationPlatforms) = preSolution
		Debug|Any CPU = Debug|Any CPU
		Release|Any CPU = Release|Any CPU
	EndGlobalSection
	GlobalSection(ProjectConfigurationPlatforms) = postSolution
		{04016D21-7B3A-4261-817E-B6FAFB4D420F}.Debug|Any CPU.ActiveCfg = Debug|Any CPU
		{04016D21-7B3A-4261-817E-B6FAFB4D420F}.Debug|Any CPU.Build.0 = Debug|Any CPU
		{04016D21-7B3A-4261-817E-B6FAFB4D420F}.Release|Any CPU.ActiveCfg = Release|Any CPU
		{04016D21-7B3A-4261-817E-B6FAFB4D420F}.Release|Any CPU.Build.0 = Release|Any CPU
	EndGlobalSection
	GlobalSection(SolutionProperties) = preSolution
		HideSolutionNode = FALSE
	EndGlobalSection
	GlobalSection(ExtensibilityGlobals) = postSolution
		SolutionGuid = {D5FE49C1-D4DD-4C30-A67E-C1AFEC0DC62F}
	EndGlobalSection
EndGlobal
